
Microsoft Visual Studio Solution File, Format Version 12.00
# Visual Studio Version 16
VisualStudioVersion = 16.0.30804.86
MinimumVisualStudioVersion = 10.0.40219.1
Project("{9A19103F-16F7-4668-BE54-9A1E7A4F7556}") = "Entities", "Entities\Entities.csproj", "{60128E92-F3FC-4170-8564-85DF89C2A2C4}"
EndProject
Project("{9A19103F-16F7-4668-BE54-9A1E7A4F7556}") = "DataAccess", "DataAccess\DataAccess.csproj", "{F052E519-0D13-492A-A518-0C5E5824A2F8}"
EndProject
Project("{9A19103F-16F7-4668-BE54-9A1E7A4F7556}") = "Business", "Business\Business.csproj", "{73F1CD94-C8E8-4DD8-BDC0-C234CE5FE9DA}"
EndProject
Project("{9A19103F-16F7-4668-BE54-9A1E7A4F7556}") = "ConsoleUI", "ConsoleUI\ConsoleUI.csproj", "{A3C85072-BA66-4C8B-88ED-229CCC6F2BD1}"
EndProject
Project("{FAE04EC0-301F-11D3-BF4B-00C04F79EFBC}") = "Core", "Core\Core.csproj", "{8A92F819-B211-471E-B2A5-4C76F2E50F8A}"
EndProject
Global
	GlobalSection(SolutionConfigurationPlatforms) = preSolution
		Debug|Any CPU = Debug|Any CPU
		Release|Any CPU = Release|Any CPU
	EndGlobalSection
	GlobalSection(ProjectConfigurationPlatforms) = postSolution
		{60128E92-F3FC-4170-8564-85DF89C2A2C4}.Debug|Any CPU.ActiveCfg = Debug|Any CPU
		{60128E92-F3FC-4170-8564-85DF89C2A2C4}.Debug|Any CPU.Build.0 = Debug|Any CPU
		{60128E92-F3FC-4170-8564-85DF89C2A2C4}.Release|Any CPU.ActiveCfg = Release|Any CPU
		{60128E92-F3FC-4170-8564-85DF89C2A2C4}.Release|Any CPU.Build.0 = Release|Any CPU
		{F052E519-0D13-492A-A518-0C5E5824A2F8}.Debug|Any CPU.ActiveCfg = Debug|Any CPU
		{F052E519-0D13-492A-A518-0C5E5824A2F8}.Debug|Any CPU.Build.0 = Debug|Any CPU
		{F052E519-0D13-492A-A518-0C5E5824A2F8}.Release|Any CPU.ActiveCfg = Release|Any CPU
		{F052E519-0D13-492A-A518-0C5E5824A2F8}.Release|Any CPU.Build.0 = Release|Any CPU
		{73F1CD94-C8E8-4DD8-BDC0-C234CE5FE9DA}.Debug|Any CPU.ActiveCfg = Debug|Any CPU
		{73F1CD94-C8E8-4DD8-BDC0-C234CE5FE9DA}.Debug|Any CPU.Build.0 = Debug|Any CPU
		{73F1CD94-C8E8-4DD8-BDC0-C234CE5FE9DA}.Release|Any CPU.ActiveCfg = Release|Any CPU
		{73F1CD94-C8E8-4DD8-BDC0-C234CE5FE9DA}.Release|Any CPU.Build.0 = Release|Any CPU
		{A3C85072-BA66-4C8B-88ED-229CCC6F2BD1}.Debug|Any CPU.ActiveCfg = Debug|Any CPU
		{A3C85072-BA66-4C8B-88ED-229CCC6F2BD1}.Debug|Any CPU.Build.0 = Debug|Any CPU
		{A3C85072-BA66-4C8B-88ED-229CCC6F2BD1}.Release|Any CPU.ActiveCfg = Release|Any CPU
		{A3C85072-BA66-4C8B-88ED-229CCC6F2BD1}.Release|Any CPU.Build.0 = Release|Any CPU
		{8A92F819-B211-471E-B2A5-4C76F2E50F8A}.Debug|Any CPU.ActiveCfg = Debug|Any CPU
		{8A92F819-B211-471E-B2A5-4C76F2E50F8A}.Debug|Any CPU.Build.0 = Debug|Any CPU
		{8A92F819-B211-471E-B2A5-4C76F2E50F8A}.Release|Any CPU.ActiveCfg = Release|Any CPU
		{8A92F819-B211-471E-B2A5-4C76F2E50F8A}.Release|Any CPU.Build.0 = Release|Any CPU
	EndGlobalSection
	GlobalSection(SolutionProperties) = preSolution
		HideSolutionNode = FALSE
	EndGlobalSection
	GlobalSection(ExtensibilityGlobals) = postSolution
		SolutionGuid = {5104F47A-04FA-4C7B-86BB-60CE48D744F8}
	EndGlobalSection
EndGlobal
